
Microsoft Visual Studio Solution File, Format Version 12.00
# Visual Studio Version 17
VisualStudioVersion = 17.9.34616.47
MinimumVisualStudioVersion = 10.0.40219.1
Project("{FAE04EC0-301F-11D3-BF4B-00C04F79EFBC}") = "SchoolRegister.Model", "SchoolRegister.Model\SchoolRegister.Model.csproj", "{2FE5F424-3BF8-4206-B338-AB04BC7BCA90}"
EndProject
Project("{FAE04EC0-301F-11D3-BF4B-00C04F79EFBC}") = "SchoolRegister.DAL", "SchoolRegister.DAL\SchoolRegister.DAL.csproj", "{900EC9C8-848A-422E-A9F7-E7A97D81EA72}"
EndProject
Project("{FAE04EC0-301F-11D3-BF4B-00C04F79EFBC}") = "SchoolRegister.Services", "SchoolRegister.Services\SchoolRegister.Services.csproj", "{4B54A6FA-963C-4BC6-9F91-F8E08469AE29}"
EndProject
Project("{FAE04EC0-301F-11D3-BF4B-00C04F79EFBC}") = "SchoolRegister.ViewModels", "SchoolRegister.ViewModels\SchoolRegister.ViewModels.csproj", "{80319702-B5F1-4301-9377-520D3DD792F1}"
EndProject
Project("{FAE04EC0-301F-11D3-BF4B-00C04F79EFBC}") = "SchoolRegister.Web", "SchoolRegister.Web\SchoolRegister.Web.csproj", "{D937596A-F5B3-4E9E-A7CD-2D320EBE8F30}"
EndProject
Global
	GlobalSection(SolutionConfigurationPlatforms) = preSolution
		Debug|Any CPU = Debug|Any CPU
		Release|Any CPU = Release|Any CPU
	EndGlobalSection
	GlobalSection(ProjectConfigurationPlatforms) = postSolution
		{2FE5F424-3BF8-4206-B338-AB04BC7BCA90}.Debug|Any CPU.ActiveCfg = Debug|Any CPU
		{2FE5F424-3BF8-4206-B338-AB04BC7BCA90}.Debug|Any CPU.Build.0 = Debug|Any CPU
		{2FE5F424-3BF8-4206-B338-AB04BC7BCA90}.Release|Any CPU.ActiveCfg = Release|Any CPU
		{2FE5F424-3BF8-4206-B338-AB04BC7BCA90}.Release|Any CPU.Build.0 = Release|Any CPU
		{900EC9C8-848A-422E-A9F7-E7A97D81EA72}.Debug|Any CPU.ActiveCfg = Debug|Any CPU
		{900EC9C8-848A-422E-A9F7-E7A97D81EA72}.Debug|Any CPU.Build.0 = Debug|Any CPU
		{900EC9C8-848A-422E-A9F7-E7A97D81EA72}.Release|Any CPU.ActiveCfg = Release|Any CPU
		{900EC9C8-848A-422E-A9F7-E7A97D81EA72}.Release|Any CPU.Build.0 = Release|Any CPU
		{4B54A6FA-963C-4BC6-9F91-F8E08469AE29}.Debug|Any CPU.ActiveCfg = Debug|Any CPU
		{4B54A6FA-963C-4BC6-9F91-F8E08469AE29}.Debug|Any CPU.Build.0 = Debug|Any CPU
		{4B54A6FA-963C-4BC6-9F91-F8E08469AE29}.Release|Any CPU.ActiveCfg = Release|Any CPU
		{4B54A6FA-963C-4BC6-9F91-F8E08469AE29}.Release|Any CPU.Build.0 = Release|Any CPU
		{80319702-B5F1-4301-9377-520D3DD792F1}.Debug|Any CPU.ActiveCfg = Debug|Any CPU
		{80319702-B5F1-4301-9377-520D3DD792F1}.Debug|Any CPU.Build.0 = Debug|Any CPU
		{80319702-B5F1-4301-9377-520D3DD792F1}.Release|Any CPU.ActiveCfg = Release|Any CPU
		{80319702-B5F1-4301-9377-520D3DD792F1}.Release|Any CPU.Build.0 = Release|Any CPU
		{D937596A-F5B3-4E9E-A7CD-2D320EBE8F30}.Debug|Any CPU.ActiveCfg = Debug|Any CPU
		{D937596A-F5B3-4E9E-A7CD-2D320EBE8F30}.Debug|Any CPU.Build.0 = Debug|Any CPU
		{D937596A-F5B3-4E9E-A7CD-2D320EBE8F30}.Release|Any CPU.ActiveCfg = Release|Any CPU
		{D937596A-F5B3-4E9E-A7CD-2D320EBE8F30}.Release|Any CPU.Build.0 = Release|Any CPU
	EndGlobalSection
	GlobalSection(SolutionProperties) = preSolution
		HideSolutionNode = FALSE
	EndGlobalSection
	GlobalSection(ExtensibilityGlobals) = postSolution
		SolutionGuid = {21415DF9-B4FB-42D8-8800-4A41D2D1941D}
	EndGlobalSection
EndGlobal
