
Microsoft Visual Studio Solution File, Format Version 12.00
# Visual Studio Version 17
VisualStudioVersion = 17.7.34031.279
MinimumVisualStudioVersion = 10.0.40219.1
Project("{FAE04EC0-301F-11D3-BF4B-00C04F79EFBC}") = "AS_lab1_gr2", "AS_lab1_gr2\AS_lab1_gr2.csproj", "{B9267DB9-F557-45DA-A572-7CF5BB3B3815}"
EndProject
Global
	GlobalSection(SolutionConfigurationPlatforms) = preSolution
		Debug|Any CPU = Debug|Any CPU
		Release|Any CPU = Release|Any CPU
	EndGlobalSection
	GlobalSection(ProjectConfigurationPlatforms) = postSolution
		{B9267DB9-F557-45DA-A572-7CF5BB3B3815}.Debug|Any CPU.ActiveCfg = Debug|Any CPU
		{B9267DB9-F557-45DA-A572-7CF5BB3B3815}.Debug|Any CPU.Build.0 = Debug|Any CPU
		{B9267DB9-F557-45DA-A572-7CF5BB3B3815}.Release|Any CPU.ActiveCfg = Release|Any CPU
		{B9267DB9-F557-45DA-A572-7CF5BB3B3815}.Release|Any CPU.Build.0 = Release|Any CPU
	EndGlobalSection
	GlobalSection(SolutionProperties) = preSolution
		HideSolutionNode = FALSE
	EndGlobalSection
	GlobalSection(ExtensibilityGlobals) = postSolution
		SolutionGuid = {771ADDB7-21FD-4600-886D-AB734966870F}
	EndGlobalSection
EndGlobal
