
Microsoft Visual Studio Solution File, Format Version 12.00
# Visual Studio Version 17
VisualStudioVersion = 17.9.34622.214
MinimumVisualStudioVersion = 10.0.40219.1
Project("{FAE04EC0-301F-11D3-BF4B-00C04F79EFBC}") = "SchoolRegister.Model", "SchoolRegister.Model\SchoolRegister.Model.csproj", "{8178A72F-3B54-45D2-87AF-C8D6E9E495DE}"
EndProject
Project("{FAE04EC0-301F-11D3-BF4B-00C04F79EFBC}") = "SchoolRegister.DAL", "SchoolRegister.DAL\SchoolRegister.DAL.csproj", "{68BE7D26-8315-48C5-B762-4A296909BB11}"
EndProject
Project("{FAE04EC0-301F-11D3-BF4B-00C04F79EFBC}") = "SchoolRegister.Services", "SchoolRegister.Services\SchoolRegister.Services.csproj", "{5E184AB8-3DA1-4A17-8205-90D8EDD5F317}"
EndProject
Project("{FAE04EC0-301F-11D3-BF4B-00C04F79EFBC}") = "SchoolRegister.ViewModels", "SchoolRegister.ViewModels\SchoolRegister.ViewModels.csproj", "{2B77692F-ABD2-40AC-B64C-47C11C5AE810}"
EndProject
Project("{FAE04EC0-301F-11D3-BF4B-00C04F79EFBC}") = "SchoolRegister.Web", "SchoolRegister.Web\SchoolRegister.Web.csproj", "{17A5B565-0201-4F75-B096-54925CB94BDF}"
EndProject
Global
	GlobalSection(SolutionConfigurationPlatforms) = preSolution
		Debug|Any CPU = Debug|Any CPU
		Release|Any CPU = Release|Any CPU
	EndGlobalSection
	GlobalSection(ProjectConfigurationPlatforms) = postSolution
		{8178A72F-3B54-45D2-87AF-C8D6E9E495DE}.Debug|Any CPU.ActiveCfg = Debug|Any CPU
		{8178A72F-3B54-45D2-87AF-C8D6E9E495DE}.Debug|Any CPU.Build.0 = Debug|Any CPU
		{8178A72F-3B54-45D2-87AF-C8D6E9E495DE}.Release|Any CPU.ActiveCfg = Release|Any CPU
		{8178A72F-3B54-45D2-87AF-C8D6E9E495DE}.Release|Any CPU.Build.0 = Release|Any CPU
		{68BE7D26-8315-48C5-B762-4A296909BB11}.Debug|Any CPU.ActiveCfg = Debug|Any CPU
		{68BE7D26-8315-48C5-B762-4A296909BB11}.Debug|Any CPU.Build.0 = Debug|Any CPU
		{68BE7D26-8315-48C5-B762-4A296909BB11}.Release|Any CPU.ActiveCfg = Release|Any CPU
		{68BE7D26-8315-48C5-B762-4A296909BB11}.Release|Any CPU.Build.0 = Release|Any CPU
		{5E184AB8-3DA1-4A17-8205-90D8EDD5F317}.Debug|Any CPU.ActiveCfg = Debug|Any CPU
		{5E184AB8-3DA1-4A17-8205-90D8EDD5F317}.Debug|Any CPU.Build.0 = Debug|Any CPU
		{5E184AB8-3DA1-4A17-8205-90D8EDD5F317}.Release|Any CPU.ActiveCfg = Release|Any CPU
		{5E184AB8-3DA1-4A17-8205-90D8EDD5F317}.Release|Any CPU.Build.0 = Release|Any CPU
		{2B77692F-ABD2-40AC-B64C-47C11C5AE810}.Debug|Any CPU.ActiveCfg = Debug|Any CPU
		{2B77692F-ABD2-40AC-B64C-47C11C5AE810}.Debug|Any CPU.Build.0 = Debug|Any CPU
		{2B77692F-ABD2-40AC-B64C-47C11C5AE810}.Release|Any CPU.ActiveCfg = Release|Any CPU
		{2B77692F-ABD2-40AC-B64C-47C11C5AE810}.Release|Any CPU.Build.0 = Release|Any CPU
		{17A5B565-0201-4F75-B096-54925CB94BDF}.Debug|Any CPU.ActiveCfg = Debug|Any CPU
		{17A5B565-0201-4F75-B096-54925CB94BDF}.Debug|Any CPU.Build.0 = Debug|Any CPU
		{17A5B565-0201-4F75-B096-54925CB94BDF}.Release|Any CPU.ActiveCfg = Release|Any CPU
		{17A5B565-0201-4F75-B096-54925CB94BDF}.Release|Any CPU.Build.0 = Release|Any CPU
	EndGlobalSection
	GlobalSection(SolutionProperties) = preSolution
		HideSolutionNode = FALSE
	EndGlobalSection
	GlobalSection(ExtensibilityGlobals) = postSolution
		SolutionGuid = {F799FAD5-ECDB-4452-AAEA-009F23CF95B9}
	EndGlobalSection
EndGlobal
